
Microsoft Visual Studio Solution File, Format Version 12.00
# Visual Studio Version 17
VisualStudioVersion = 17.9.34723.18
MinimumVisualStudioVersion = 10.0.40219.1
Project("{FAE04EC0-301F-11D3-BF4B-00C04F79EFBC}") = "poemDrive", "poemDrive\poemDrive.csproj", "{53EBBF0C-1E17-41ED-A445-CA00F3626A39}"
EndProject
Global
	GlobalSection(SolutionConfigurationPlatforms) = preSolution
		Debug|Any CPU = Debug|Any CPU
		Release|Any CPU = Release|Any CPU
	EndGlobalSection
	GlobalSection(ProjectConfigurationPlatforms) = postSolution
		{53EBBF0C-1E17-41ED-A445-CA00F3626A39}.Debug|Any CPU.ActiveCfg = Debug|Any CPU
		{53EBBF0C-1E17-41ED-A445-CA00F3626A39}.Debug|Any CPU.Build.0 = Debug|Any CPU
		{53EBBF0C-1E17-41ED-A445-CA00F3626A39}.Release|Any CPU.ActiveCfg = Release|Any CPU
		{53EBBF0C-1E17-41ED-A445-CA00F3626A39}.Release|Any CPU.Build.0 = Release|Any CPU
	EndGlobalSection
	GlobalSection(SolutionProperties) = preSolution
		HideSolutionNode = FALSE
	EndGlobalSection
	GlobalSection(ExtensibilityGlobals) = postSolution
		SolutionGuid = {E2C21C52-7670-49BA-A93E-C56B831CCD37}
	EndGlobalSection
EndGlobal
